
Microsoft Visual Studio Solution File, Format Version 12.00
# Visual Studio 2012
Project("{8BC9CEB8-8B4A-11D0-8D11-00A0C91BC942}") = "FighterInterface", "FighterInterface\FighterInterface.vcxproj", "{901C125E-DB3C-4E60-9B95-293D53EEA504}"
EndProject
Global
	GlobalSection(SolutionConfigurationPlatforms) = preSolution
		Debug|Win32 = Debug|Win32
		Release|Win32 = Release|Win32
	EndGlobalSection
	GlobalSection(ProjectConfigurationPlatforms) = postSolution
		{901C125E-DB3C-4E60-9B95-293D53EEA504}.Debug|Win32.ActiveCfg = Debug|Win32
		{901C125E-DB3C-4E60-9B95-293D53EEA504}.Debug|Win32.Build.0 = Debug|Win32
		{901C125E-DB3C-4E60-9B95-293D53EEA504}.Release|Win32.ActiveCfg = Release|Win32
		{901C125E-DB3C-4E60-9B95-293D53EEA504}.Release|Win32.Build.0 = Release|Win32
	EndGlobalSection
	GlobalSection(SolutionProperties) = preSolution
		HideSolutionNode = FALSE
	EndGlobalSection
EndGlobal
